<?xml version="1.0" encoding="utf-8"?>
<Project ToolsVersion="4.0" xmlns="http://schemas.microsoft.com/developer/msbuild/2003">
  <ItemGroup>
    <Filter Include="win32">
      <UniqueIdentifier>{84a8ebd7-7cf0-47f6-b75e-d441df67da40}</UniqueIdentifier>
    </Filter>
    <Filter Include="resource">
      <UniqueIdentifier>{715254bc-d70b-4ec5-bf29-467dd3ace079}</UniqueIdentifier>
    </Filter>
    <Filter Include="src">
      <UniqueIdentifier>{bb6c862e-70e9-49d9-81b7-3829a6f50471}</UniqueIdentifier>
    </Filter>
  </ItemGroup>
  <ItemGroup>
    <ResourceCompile Include="game.rc">
      <Filter>resource</Filter>
    </ResourceCompile>
  </ItemGroup>
  <ItemGroup>
    <ClCompile Include="main.cpp">
      <Filter>win32</Filter>
    </ClCompile>
    <ClCompile Include="..\Classes\Scenes\BaseScene.cpp">
      <Filter>src</Filter>
    </ClCompile>
    <ClCompile Include="..\Classes\Scenes\DungeonCameraScene.cpp">
      <Filter>src</Filter>
    </ClCompile>
    <ClCompile Include="..\Classes\Scenes\DungeonMenuScene.cpp">
      <Filter>src</Filter>
    </ClCompile>
    <ClCompile Include="..\Classes\Scenes\DungeonScene.cpp">
      <Filter>src</Filter>
    </ClCompile>
    <ClCompile Include="..\Classes\Scenes\EndingScene.cpp">
      <Filter>src</Filter>
    </ClCompile>
    <ClCompile Include="..\Classes\Scenes\GameOverScene.cpp">
      <Filter>src</Filter>
    </ClCompile>
    <ClCompile Include="..\Classes\Scenes\StartUpScene.cpp">
      <Filter>src</Filter>
    </ClCompile>
    <ClCompile Include="..\Classes\Scenes\TitleScene.cpp">
      <Filter>src</Filter>
    </ClCompile>
    <ClCompile Include="..\Classes\Tasks\CameraTask.cpp">
      <Filter>src</Filter>
    </ClCompile>
    <ClCompile Include="..\Classes\Tasks\EnemyTask.cpp">
      <Filter>src</Filter>
    </ClCompile>
    <ClCompile Include="..\Classes\Tasks\EventTask.cpp">
      <Filter>src</Filter>
    </ClCompile>
    <ClCompile Include="..\Classes\Tasks\FollowType\BothFollow.cpp">
      <Filter>src</Filter>
    </ClCompile>
    <ClCompile Include="..\Classes\Tasks\FollowType\FollowType.cpp">
      <Filter>src</Filter>
    </ClCompile>
    <ClCompile Include="..\Classes\Tasks\FollowType\HorizontalFollow.cpp">
      <Filter>src</Filter>
    </ClCompile>
    <ClCompile Include="..\Classes\Tasks\FollowType\NeverFollow.cpp">
      <Filter>src</Filter>
    </ClCompile>
    <ClCompile Include="..\Classes\Tasks\FollowType\VerticalFollow.cpp">
      <Filter>src</Filter>
    </ClCompile>
    <ClCompile Include="..\Classes\Tasks\GameTask.cpp">
      <Filter>src</Filter>
    </ClCompile>
    <ClCompile Include="..\Classes\Tasks\PlayerControlTask.cpp">
      <Filter>src</Filter>
    </ClCompile>
    <ClCompile Include="..\Classes\UI\Cloud.cpp">
      <Filter>src</Filter>
    </ClCompile>
    <ClCompile Include="..\Classes\UI\Notification\MapNameNotification.cpp">
      <Filter>src</Filter>
    </ClCompile>
    <ClCompile Include="..\Classes\UI\Notification\NotificationNode.cpp">
      <Filter>src</Filter>
    </ClCompile>
    <ClCompile Include="..\Classes\UI\Notification\TrophyNotification.cpp">
      <Filter>src</Filter>
    </ClCompile>
    <ClCompile Include="..\Classes\UI\NotificationBand.cpp">
      <Filter>src</Filter>
    </ClCompile>
    <ClCompile Include="..\Classes\UI\SlideNode.cpp">
      <Filter>src</Filter>
    </ClCompile>
    <ClCompile Include="..\Classes\UI\StaminaBar.cpp">
      <Filter>src</Filter>
    </ClCompile>
    <ClCompile Include="..\Classes\Utils\CsvUtils.cpp">
      <Filter>src</Filter>
    </ClCompile>
    <ClCompile Include="..\Classes\Utils\JsonUtils.cpp">
      <Filter>src</Filter>
    </ClCompile>
    <ClCompile Include="..\Classes\Utils\MapUtils.cpp">
      <Filter>src</Filter>
    </ClCompile>
    <ClCompile Include="..\Classes\Utils\SpriteUtils.cpp">
      <Filter>src</Filter>
    </ClCompile>
    <ClCompile Include="..\Classes\Utils\StringUtils.cpp">
      <Filter>src</Filter>
    </ClCompile>
    <ClCompile Include="..\Classes\AppDelegate.cpp">
      <Filter>src</Filter>
    </ClCompile>
    <ClCompile Include="..\Classes\Algorithm\PathFinder.cpp">
      <Filter>src</Filter>
    </ClCompile>
    <ClCompile Include="..\Classes\Datas\Message\CharacterMessageData.cpp">
      <Filter>src</Filter>
    </ClCompile>
    <ClCompile Include="..\Classes\Datas\Message\MessageData.cpp">
      <Filter>src</Filter>
    </ClCompile>
    <ClCompile Include="..\Classes\Datas\Message\StoryMessageData.cpp">
      <Filter>src</Filter>
    </ClCompile>
    <ClCompile Include="..\Classes\Datas\Message\SystemMessageData.cpp">
      <Filter>src</Filter>
    </ClCompile>
    <ClCompile Include="..\Classes\Datas\Scene\DungeonCameraSceneData.cpp">
      <Filter>src</Filter>
    </ClCompile>
    <ClCompile Include="..\Classes\Datas\Scene\DungeonSceneData.cpp">
      <Filter>src</Filter>
    </ClCompile>
    <ClCompile Include="..\Classes\Datas\Scene\EndingSceneData.cpp">
      <Filter>src</Filter>
    </ClCompile>
    <ClCompile Include="..\Classes\Datas\Scene\GameOverSceneData.cpp">
      <Filter>src</Filter>
    </ClCompile>
    <ClCompile Include="..\Classes\Datas\Scene\SceneData.cpp">
      <Filter>src</Filter>
    </ClCompile>
    <ClCompile Include="..\Classes\Datas\Scene\StartUpSceneData.cpp">
      <Filter>src</Filter>
    </ClCompile>
    <ClCompile Include="..\Classes\Datas\Scene\TitleSceneData.cpp">
      <Filter>src</Filter>
    </ClCompile>
    <ClCompile Include="..\Classes\Effects\AmbientLightLayer.cpp">
      <Filter>src</Filter>
    </ClCompile>
    <ClCompile Include="..\Classes\Effects\Fog.cpp">
      <Filter>src</Filter>
    </ClCompile>
    <ClCompile Include="..\Classes\Effects\Light.cpp">
      <Filter>src</Filter>
    </ClCompile>
    <ClCompile Include="..\Classes\Event\CharacterEvent.cpp">
      <Filter>src</Filter>
    </ClCompile>
    <ClCompile Include="..\Classes\Event\EffectEvent.cpp">
      <Filter>src</Filter>
    </ClCompile>
    <ClCompile Include="..\Classes\Event\EnemyEvent.cpp">
      <Filter>src</Filter>
    </ClCompile>
    <ClCompile Include="..\Classes\Event\EventFactory.cpp">
      <Filter>src</Filter>
    </ClCompile>
    <ClCompile Include="..\Classes\Event\EventScript.cpp">
      <Filter>src</Filter>
    </ClCompile>
    <ClCompile Include="..\Classes\Event\EventScriptValidator.cpp">
      <Filter>src</Filter>
    </ClCompile>
    <ClCompile Include="..\Classes\Event\FlagEvent.cpp">
      <Filter>src</Filter>
    </ClCompile>
    <ClCompile Include="..\Classes\Event\GameEvent.cpp">
      <Filter>src</Filter>
    </ClCompile>
    <ClCompile Include="..\Classes\Event\MapEvent.cpp">
      <Filter>src</Filter>
    </ClCompile>
    <ClCompile Include="..\Classes\Event\MapObjectEvent.cpp">
      <Filter>src</Filter>
    </ClCompile>
    <ClCompile Include="..\Classes\Event\MiniGameEvent.cpp">
      <Filter>src</Filter>
    </ClCompile>
    <ClCompile Include="..\Classes\Event\ModalLayerEvent.cpp">
      <Filter>src</Filter>
    </ClCompile>
    <ClCompile Include="..\Classes\Event\SceneEvent.cpp">
      <Filter>src</Filter>
    </ClCompile>
    <ClCompile Include="..\Classes\Event\SoundEvent.cpp">
      <Filter>src</Filter>
    </ClCompile>
    <ClCompile Include="..\Classes\Layers\Dungeon\ButtonMashingLayer.cpp">
      <Filter>src</Filter>
    </ClCompile>
    <ClCompile Include="..\Classes\Layers\Dungeon\DisplayImageLayer.cpp">
      <Filter>src</Filter>
    </ClCompile>
    <ClCompile Include="..\Classes\Layers\Dungeon\PasswordEventLayer.cpp">
      <Filter>src</Filter>
    </ClCompile>
    <ClCompile Include="..\Classes\Layers\Dungeon\SelectEventLayer.cpp">
      <Filter>src</Filter>
    </ClCompile>
    <ClCompile Include="..\Classes\Layers\Dungeon\TiledMapLayer.cpp">
      <Filter>src</Filter>
    </ClCompile>
    <ClCompile Include="..\Classes\Layers\EventListener\ConfigEventListenerLayer.cpp">
      <Filter>src</Filter>
    </ClCompile>
    <ClCompile Include="..\Classes\Layers\EventListener\EventListenerKeyboardLayer.cpp">
      <Filter>src</Filter>
    </ClCompile>
    <ClCompile Include="..\Classes\Layers\LoadingLayer.cpp">
      <Filter>src</Filter>
    </ClCompile>
    <ClCompile Include="..\Classes\Layers\Menu\CharacterMenuLayer.cpp">
      <Filter>src</Filter>
    </ClCompile>
    <ClCompile Include="..\Classes\Layers\Menu\DungeonMainMenuLayer.cpp">
      <Filter>src</Filter>
    </ClCompile>
    <ClCompile Include="..\Classes\Layers\Menu\ItemMenuLayer.cpp">
      <Filter>src</Filter>
    </ClCompile>
    <ClCompile Include="..\Classes\Layers\Menu\KeyconfigMenuLayer.cpp">
      <Filter>src</Filter>
    </ClCompile>
    <ClCompile Include="..\Classes\Layers\Menu\MenuLayer.cpp">
      <Filter>src</Filter>
    </ClCompile>
    <ClCompile Include="..\Classes\Layers\Menu\MiniSelector.cpp">
      <Filter>src</Filter>
    </ClCompile>
    <ClCompile Include="..\Classes\Layers\Menu\NumberSelector.cpp">
      <Filter>src</Filter>
    </ClCompile>
    <ClCompile Include="..\Classes\Layers\Menu\SaveDataSelector.cpp">
      <Filter>src</Filter>
    </ClCompile>
    <ClCompile Include="..\Classes\Layers\Menu\TitleMainMenuLayer.cpp">
      <Filter>src</Filter>
    </ClCompile>
    <ClCompile Include="..\Classes\Layers\Menu\TrophyListLayer.cpp">
      <Filter>src</Filter>
    </ClCompile>
    <ClCompile Include="..\Classes\Layers\Message\CharacterMessageLayer.cpp">
      <Filter>src</Filter>
    </ClCompile>
    <ClCompile Include="..\Classes\Layers\Message\MessageLayer.cpp">
      <Filter>src</Filter>
    </ClCompile>
    <ClCompile Include="..\Classes\Layers\Message\StoryMessageLayer.cpp">
      <Filter>src</Filter>
    </ClCompile>
    <ClCompile Include="..\Classes\Layers\Message\SystemMessageLayer.cpp">
      <Filter>src</Filter>
    </ClCompile>
    <ClCompile Include="..\Classes\Layers\Shader\ShaderLayer.cpp">
      <Filter>src</Filter>
    </ClCompile>
    <ClCompile Include="..\Classes\Managers\CsvDataManager.cpp">
      <Filter>src</Filter>
    </ClCompile>
    <ClCompile Include="..\Classes\Managers\DebugManager.cpp">
      <Filter>src</Filter>
    </ClCompile>
    <ClCompile Include="..\Classes\Managers\DungeonSceneManager.cpp">
      <Filter>src</Filter>
    </ClCompile>
    <ClCompile Include="..\Classes\Managers\EventListenerKeyboardManager.cpp">
      <Filter>src</Filter>
    </ClCompile>
    <ClCompile Include="..\Classes\Managers\KeyconfigManager.cpp">
      <Filter>src</Filter>
    </ClCompile>
    <ClCompile Include="..\Classes\Managers\NotificationManager.cpp">
      <Filter>src</Filter>
    </ClCompile>
    <ClCompile Include="..\Classes\Managers\PlayerDataManager.cpp">
      <Filter>src</Filter>
    </ClCompile>
    <ClCompile Include="..\Classes\Managers\SoundManager.cpp">
      <Filter>src</Filter>
    </ClCompile>
    <ClCompile Include="..\Classes\Managers\TextureManager.cpp">
      <Filter>src</Filter>
    </ClCompile>
    <ClCompile Include="..\Classes\MapObjects\Character.cpp">
      <Filter>src</Filter>
    </ClCompile>
    <ClCompile Include="..\Classes\MapObjects\Enemy.cpp">
      <Filter>src</Filter>
    </ClCompile>
    <ClCompile Include="..\Classes\MapObjects\EventObject.cpp">
      <Filter>src</Filter>
    </ClCompile>
    <ClCompile Include="..\Classes\MapObjects\GhostObject.cpp">
      <Filter>src</Filter>
    </ClCompile>
    <ClCompile Include="..\Classes\MapObjects\ItemObject.cpp">
      <Filter>src</Filter>
    </ClCompile>
    <ClCompile Include="..\Classes\MapObjects\MapObject.cpp">
      <Filter>src</Filter>
    </ClCompile>
    <ClCompile Include="..\Classes\MapObjects\MapObjectFactory.cpp">
      <Filter>src</Filter>
    </ClCompile>
    <ClCompile Include="..\Classes\MapObjects\MapObjectList.cpp">
      <Filter>src</Filter>
    </ClCompile>
    <ClCompile Include="..\Classes\MapObjects\MovePatterns\Chaser.cpp">
      <Filter>src</Filter>
    </ClCompile>
    <ClCompile Include="..\Classes\MapObjects\MovePatterns\CheapChaser.cpp">
      <Filter>src</Filter>
    </ClCompile>
    <ClCompile Include="..\Classes\MapObjects\MovePatterns\MobRandom.cpp">
      <Filter>src</Filter>
    </ClCompile>
    <ClCompile Include="..\Classes\MapObjects\MovePatterns\MovePattern.cpp">
      <Filter>src</Filter>
    </ClCompile>
    <ClCompile Include="..\Classes\MapObjects\MovePatterns\MovePatternFactory.cpp">
      <Filter>src</Filter>
    </ClCompile>
    <ClCompile Include="..\Classes\MapObjects\MovePatterns\RandomMove.cpp">
      <Filter>src</Filter>
    </ClCompile>
    <ClCompile Include="..\Classes\MapObjects\MovePatterns\Scouter.cpp">
      <Filter>src</Filter>
    </ClCompile>
    <ClCompile Include="..\Classes\MapObjects\Party.cpp">
      <Filter>src</Filter>
    </ClCompile>
    <ClCompile Include="..\Classes\MapObjects\PathObject.cpp">
      <Filter>src</Filter>
    </ClCompile>
    <ClCompile Include="..\Classes\MapObjects\TerrainObject\PlainArea.cpp">
      <Filter>src</Filter>
    </ClCompile>
    <ClCompile Include="..\Classes\MapObjects\TerrainObject\SlipFloor.cpp">
      <Filter>src</Filter>
    </ClCompile>
    <ClCompile Include="..\Classes\MapObjects\TerrainObject\TerrainObject.cpp">
      <Filter>src</Filter>
    </ClCompile>
    <ClCompile Include="..\Classes\MapObjects\TerrainObject\WaterArea.cpp">
      <Filter>src</Filter>
    </ClCompile>
    <ClCompile Include="..\Classes\Models\ChangeMapHistory.cpp">
      <Filter>src</Filter>
    </ClCompile>
    <ClCompile Include="..\Classes\Models\ChapterData.cpp">
      <Filter>src</Filter>
    </ClCompile>
    <ClCompile Include="..\Classes\Models\CharacterMasterData.cpp">
      <Filter>src</Filter>
    </ClCompile>
    <ClCompile Include="..\Classes\Models\Direction.cpp">
      <Filter>src</Filter>
    </ClCompile>
    <ClCompile Include="..\Classes\Models\GlobalPlayerData.cpp">
      <Filter>src</Filter>
    </ClCompile>
    <ClCompile Include="..\Classes\Models\ItemData.cpp">
      <Filter>src</Filter>
    </ClCompile>
    <ClCompile Include="..\Classes\Models\LocalPlayerData.cpp">
      <Filter>src</Filter>
    </ClCompile>
    <ClCompile Include="..\Classes\Models\MapData.cpp">
      <Filter>src</Filter>
    </ClCompile>
    <ClCompile Include="..\Classes\Models\Sight.cpp">
      <Filter>src</Filter>
    </ClCompile>
    <ClCompile Include="..\Classes\Models\Stamina.cpp">
      <Filter>src</Filter>
    </ClCompile>
    <ClCompile Include="..\Classes\Models\StopWatch.cpp">
      <Filter>src</Filter>
    </ClCompile>
    <ClCompile Include="..\Classes\Models\TrophyData.cpp">
      <Filter>src</Filter>
    </ClCompile>
  </ItemGroup>
  <ItemGroup>
    <ClInclude Include="main.h">
      <Filter>win32</Filter>
    </ClInclude>
    <ClInclude Include="resource.h">
      <Filter>win32</Filter>
    </ClInclude>
    <ClInclude Include="..\Classes\Scenes\BaseScene.h">
      <Filter>src</Filter>
    </ClInclude>
    <ClInclude Include="..\Classes\Scenes\DungeonCameraScene.h">
      <Filter>src</Filter>
    </ClInclude>
    <ClInclude Include="..\Classes\Scenes\DungeonMenuScene.h">
      <Filter>src</Filter>
    </ClInclude>
    <ClInclude Include="..\Classes\Scenes\DungeonScene.h">
      <Filter>src</Filter>
    </ClInclude>
    <ClInclude Include="..\Classes\Scenes\EndingScene.h">
      <Filter>src</Filter>
    </ClInclude>
    <ClInclude Include="..\Classes\Scenes\GameOverScene.h">
      <Filter>src</Filter>
    </ClInclude>
    <ClInclude Include="..\Classes\Scenes\StartUpScene.h">
      <Filter>src</Filter>
    </ClInclude>
    <ClInclude Include="..\Classes\Scenes\TitleScene.h">
      <Filter>src</Filter>
    </ClInclude>
    <ClInclude Include="..\Classes\Tasks\CameraTask.h">
      <Filter>src</Filter>
    </ClInclude>
    <ClInclude Include="..\Classes\Tasks\EnemyTask.h">
      <Filter>src</Filter>
    </ClInclude>
    <ClInclude Include="..\Classes\Tasks\EventTask.h">
      <Filter>src</Filter>
    </ClInclude>
    <ClInclude Include="..\Classes\Tasks\FollowType\BothFollow.h">
      <Filter>src</Filter>
    </ClInclude>
    <ClInclude Include="..\Classes\Tasks\FollowType\FollowType.h">
      <Filter>src</Filter>
    </ClInclude>
    <ClInclude Include="..\Classes\Tasks\FollowType\HorizontalFollow.h">
      <Filter>src</Filter>
    </ClInclude>
    <ClInclude Include="..\Classes\Tasks\FollowType\NeverFollow.h">
      <Filter>src</Filter>
    </ClInclude>
    <ClInclude Include="..\Classes\Tasks\FollowType\VerticalFollow.h">
      <Filter>src</Filter>
    </ClInclude>
    <ClInclude Include="..\Classes\Tasks\GameTask.h">
      <Filter>src</Filter>
    </ClInclude>
    <ClInclude Include="..\Classes\Tasks\PlayerControlTask.h">
      <Filter>src</Filter>
    </ClInclude>
    <ClInclude Include="..\Classes\UI\Cloud.h">
      <Filter>src</Filter>
    </ClInclude>
    <ClInclude Include="..\Classes\UI\Notification\MapNameNotification.h">
      <Filter>src</Filter>
    </ClInclude>
    <ClInclude Include="..\Classes\UI\Notification\NotificationNode.h">
      <Filter>src</Filter>
    </ClInclude>
    <ClInclude Include="..\Classes\UI\Notification\TrophyNotification.h">
      <Filter>src</Filter>
    </ClInclude>
    <ClInclude Include="..\Classes\UI\NotificationBand.h">
      <Filter>src</Filter>
    </ClInclude>
    <ClInclude Include="..\Classes\UI\SlideNode.h">
      <Filter>src</Filter>
    </ClInclude>
    <ClInclude Include="..\Classes\UI\StaminaBar.h">
      <Filter>src</Filter>
    </ClInclude>
    <ClInclude Include="..\Classes\Utils\CsvUtils.h">
      <Filter>src</Filter>
    </ClInclude>
    <ClInclude Include="..\Classes\Utils\JsonUtils.h">
      <Filter>src</Filter>
    </ClInclude>
    <ClInclude Include="..\Classes\Utils\MapUtils.h">
      <Filter>src</Filter>
    </ClInclude>
    <ClInclude Include="..\Classes\Utils\SpriteUtils.h">
      <Filter>src</Filter>
    </ClInclude>
    <ClInclude Include="..\Classes\Utils\StringUtils.h">
      <Filter>src</Filter>
    </ClInclude>
    <ClInclude Include="..\Classes\AppDelegate.h">
      <Filter>src</Filter>
    </ClInclude>
    <ClInclude Include="..\Classes\Common.h">
      <Filter>src</Filter>
    </ClInclude>
    <ClInclude Include="..\Classes\define.h">
      <Filter>src</Filter>
    </ClInclude>
    <ClInclude Include="..\Classes\resources.h">
      <Filter>src</Filter>
    </ClInclude>
    <ClInclude Include="..\Classes\Algorithm\PathFinder.h">
      <Filter>src</Filter>
    </ClInclude>
    <ClInclude Include="..\Classes\Datas\MapObject\CharacterData.h">
      <Filter>src</Filter>
    </ClInclude>
    <ClInclude Include="..\Classes\Datas\MapObject\EnemyData.h">
      <Filter>src</Filter>
    </ClInclude>
    <ClInclude Include="..\Classes\Datas\Message\CharacterMessageData.h">
      <Filter>src</Filter>
    </ClInclude>
    <ClInclude Include="..\Classes\Datas\Message\MessageData.h">
      <Filter>src</Filter>
    </ClInclude>
    <ClInclude Include="..\Classes\Datas\Message\StoryMessageData.h">
      <Filter>src</Filter>
    </ClInclude>
    <ClInclude Include="..\Classes\Datas\Message\SystemMessageData.h">
      <Filter>src</Filter>
    </ClInclude>
    <ClInclude Include="..\Classes\Datas\Scene\DungeonCameraSceneData.h">
      <Filter>src</Filter>
    </ClInclude>
    <ClInclude Include="..\Classes\Datas\Scene\DungeonSceneData.h">
      <Filter>src</Filter>
    </ClInclude>
    <ClInclude Include="..\Classes\Datas\Scene\EndingSceneData.h">
      <Filter>src</Filter>
    </ClInclude>
    <ClInclude Include="..\Classes\Datas\Scene\GameOverSceneData.h">
      <Filter>src</Filter>
    </ClInclude>
    <ClInclude Include="..\Classes\Datas\Scene\SceneData.h">
      <Filter>src</Filter>
    </ClInclude>
    <ClInclude Include="..\Classes\Datas\Scene\StartUpSceneData.h">
      <Filter>src</Filter>
    </ClInclude>
    <ClInclude Include="..\Classes\Datas\Scene\TitleSceneData.h">
      <Filter>src</Filter>
    </ClInclude>
    <ClInclude Include="..\Classes\Effects\AmbientLightLayer.h">
      <Filter>src</Filter>
    </ClInclude>
    <ClInclude Include="..\Classes\Effects\Fog.h">
      <Filter>src</Filter>
    </ClInclude>
    <ClInclude Include="..\Classes\Effects\Light.h">
      <Filter>src</Filter>
    </ClInclude>
    <ClInclude Include="..\Classes\Event\CharacterEvent.h">
      <Filter>src</Filter>
    </ClInclude>
    <ClInclude Include="..\Classes\Event\EffectEvent.h">
      <Filter>src</Filter>
    </ClInclude>
    <ClInclude Include="..\Classes\Event\EnemyEvent.h">
      <Filter>src</Filter>
    </ClInclude>
    <ClInclude Include="..\Classes\Event\EventFactory.h">
      <Filter>src</Filter>
    </ClInclude>
    <ClInclude Include="..\Classes\Event\EventScript.h">
      <Filter>src</Filter>
    </ClInclude>
    <ClInclude Include="..\Classes\Event\EventScriptMember.h">
      <Filter>src</Filter>
    </ClInclude>
    <ClInclude Include="..\Classes\Event\EventScriptValidator.h">
      <Filter>src</Filter>
    </ClInclude>
    <ClInclude Include="..\Classes\Event\FlagEvent.h">
      <Filter>src</Filter>
    </ClInclude>
    <ClInclude Include="..\Classes\Event\GameEvent.h">
      <Filter>src</Filter>
    </ClInclude>
    <ClInclude Include="..\Classes\Event\MapEvent.h">
      <Filter>src</Filter>
    </ClInclude>
    <ClInclude Include="..\Classes\Event\MapObjectEvent.h">
      <Filter>src</Filter>
    </ClInclude>
    <ClInclude Include="..\Classes\Event\MiniGameEvent.h">
      <Filter>src</Filter>
    </ClInclude>
    <ClInclude Include="..\Classes\Event\ModalLayerEvent.h">
      <Filter>src</Filter>
    </ClInclude>
    <ClInclude Include="..\Classes\Event\SceneEvent.h">
      <Filter>src</Filter>
    </ClInclude>
    <ClInclude Include="..\Classes\Event\SoundEvent.h">
      <Filter>src</Filter>
    </ClInclude>
    <ClInclude Include="..\Classes\Layers\Dungeon\ButtonMashingLayer.h">
      <Filter>src</Filter>
    </ClInclude>
    <ClInclude Include="..\Classes\Layers\Dungeon\DisplayImageLayer.h">
      <Filter>src</Filter>
    </ClInclude>
    <ClInclude Include="..\Classes\Layers\Dungeon\PasswordEventLayer.h">
      <Filter>src</Filter>
    </ClInclude>
    <ClInclude Include="..\Classes\Layers\Dungeon\SelectEventLayer.h">
      <Filter>src</Filter>
    </ClInclude>
    <ClInclude Include="..\Classes\Layers\Dungeon\TiledMapLayer.h">
      <Filter>src</Filter>
    </ClInclude>
    <ClInclude Include="..\Classes\Layers\EventListener\ConfigEventListenerLayer.h">
      <Filter>src</Filter>
    </ClInclude>
    <ClInclude Include="..\Classes\Layers\EventListener\EventListenerKeyboardLayer.h">
      <Filter>src</Filter>
    </ClInclude>
    <ClInclude Include="..\Classes\Layers\LoadingLayer.h">
      <Filter>src</Filter>
    </ClInclude>
    <ClInclude Include="..\Classes\Layers\Menu\CharacterMenuLayer.h">
      <Filter>src</Filter>
    </ClInclude>
    <ClInclude Include="..\Classes\Layers\Menu\DungeonMainMenuLayer.h">
      <Filter>src</Filter>
    </ClInclude>
    <ClInclude Include="..\Classes\Layers\Menu\ItemMenuLayer.h">
      <Filter>src</Filter>
    </ClInclude>
    <ClInclude Include="..\Classes\Layers\Menu\KeyconfigMenuLayer.h">
      <Filter>src</Filter>
    </ClInclude>
    <ClInclude Include="..\Classes\Layers\Menu\MenuLayer.h">
      <Filter>src</Filter>
    </ClInclude>
    <ClInclude Include="..\Classes\Layers\Menu\MiniSelector.h">
      <Filter>src</Filter>
    </ClInclude>
    <ClInclude Include="..\Classes\Layers\Menu\NumberSelector.h">
      <Filter>src</Filter>
    </ClInclude>
    <ClInclude Include="..\Classes\Layers\Menu\SaveDataSelector.h">
      <Filter>src</Filter>
    </ClInclude>
    <ClInclude Include="..\Classes\Layers\Menu\TitleMainMenuLayer.h">
      <Filter>src</Filter>
    </ClInclude>
    <ClInclude Include="..\Classes\Layers\Menu\TrophyListLayer.h">
      <Filter>src</Filter>
    </ClInclude>
    <ClInclude Include="..\Classes\Layers\Message\CharacterMessageLayer.h">
      <Filter>src</Filter>
    </ClInclude>
    <ClInclude Include="..\Classes\Layers\Message\MessageLayer.h">
      <Filter>src</Filter>
    </ClInclude>
    <ClInclude Include="..\Classes\Layers\Message\StoryMessageLayer.h">
      <Filter>src</Filter>
    </ClInclude>
    <ClInclude Include="..\Classes\Layers\Message\SystemMessageLayer.h">
      <Filter>src</Filter>
    </ClInclude>
    <ClInclude Include="..\Classes\Layers\Shader\ShaderLayer.h">
      <Filter>src</Filter>
    </ClInclude>
    <ClInclude Include="..\Classes\Managers\CsvDataManager.h">
      <Filter>src</Filter>
    </ClInclude>
    <ClInclude Include="..\Classes\Managers\DebugManager.h">
      <Filter>src</Filter>
    </ClInclude>
    <ClInclude Include="..\Classes\Managers\DungeonSceneManager.h">
      <Filter>src</Filter>
    </ClInclude>
    <ClInclude Include="..\Classes\Managers\EventListenerKeyboardManager.h">
      <Filter>src</Filter>
    </ClInclude>
    <ClInclude Include="..\Classes\Managers\KeyconfigManager.h">
      <Filter>src</Filter>
    </ClInclude>
    <ClInclude Include="..\Classes\Managers\NotificationManager.h">
      <Filter>src</Filter>
    </ClInclude>
    <ClInclude Include="..\Classes\Managers\PlayerDataManager.h">
      <Filter>src</Filter>
    </ClInclude>
    <ClInclude Include="..\Classes\Managers\SoundManager.h">
      <Filter>src</Filter>
    </ClInclude>
    <ClInclude Include="..\Classes\Managers\TextureManager.h">
      <Filter>src</Filter>
    </ClInclude>
    <ClInclude Include="..\Classes\MapObjects\Character.h">
      <Filter>src</Filter>
    </ClInclude>
    <ClInclude Include="..\Classes\MapObjects\Enemy.h">
      <Filter>src</Filter>
    </ClInclude>
    <ClInclude Include="..\Classes\MapObjects\EventObject.h">
      <Filter>src</Filter>
    </ClInclude>
    <ClInclude Include="..\Classes\MapObjects\GhostObject.h">
      <Filter>src</Filter>
    </ClInclude>
    <ClInclude Include="..\Classes\MapObjects\ItemObject.h">
      <Filter>src</Filter>
    </ClInclude>
    <ClInclude Include="..\Classes\MapObjects\MapObject.h">
      <Filter>src</Filter>
    </ClInclude>
    <ClInclude Include="..\Classes\MapObjects\MapObjectFactory.h">
      <Filter>src</Filter>
    </ClInclude>
    <ClInclude Include="..\Classes\MapObjects\MapObjectList.h">
      <Filter>src</Filter>
    </ClInclude>
    <ClInclude Include="..\Classes\MapObjects\MovePatterns\Chaser.h">
      <Filter>src</Filter>
    </ClInclude>
    <ClInclude Include="..\Classes\MapObjects\MovePatterns\CheapChaser.h">
      <Filter>src</Filter>
    </ClInclude>
    <ClInclude Include="..\Classes\MapObjects\MovePatterns\MobRandom.h">
      <Filter>src</Filter>
    </ClInclude>
    <ClInclude Include="..\Classes\MapObjects\MovePatterns\MovePattern.h">
      <Filter>src</Filter>
    </ClInclude>
    <ClInclude Include="..\Classes\MapObjects\MovePatterns\MovePatternFactory.h">
      <Filter>src</Filter>
    </ClInclude>
    <ClInclude Include="..\Classes\MapObjects\MovePatterns\RandomMove.h">
      <Filter>src</Filter>
    </ClInclude>
    <ClInclude Include="..\Classes\MapObjects\MovePatterns\Scouter.h">
      <Filter>src</Filter>
    </ClInclude>
    <ClInclude Include="..\Classes\MapObjects\Party.h">
      <Filter>src</Filter>
    </ClInclude>
    <ClInclude Include="..\Classes\MapObjects\PathObject.h">
      <Filter>src</Filter>
    </ClInclude>
    <ClInclude Include="..\Classes\MapObjects\TerrainObject\PlainArea.h">
      <Filter>src</Filter>
    </ClInclude>
    <ClInclude Include="..\Classes\MapObjects\TerrainObject\SlipFloor.h">
      <Filter>src</Filter>
    </ClInclude>
    <ClInclude Include="..\Classes\MapObjects\TerrainObject\TerrainObject.h">
      <Filter>src</Filter>
    </ClInclude>
    <ClInclude Include="..\Classes\MapObjects\TerrainObject\WaterArea.h">
      <Filter>src</Filter>
    </ClInclude>
    <ClInclude Include="..\Classes\Models\ChangeMapHistory.h">
      <Filter>src</Filter>
    </ClInclude>
    <ClInclude Include="..\Classes\Models\ChapterData.h">
      <Filter>src</Filter>
    </ClInclude>
    <ClInclude Include="..\Classes\Models\CharacterMasterData.h">
      <Filter>src</Filter>
    </ClInclude>
    <ClInclude Include="..\Classes\Models\Direction.h">
      <Filter>src</Filter>
    </ClInclude>
    <ClInclude Include="..\Classes\Models\GlobalPlayerData.h">
      <Filter>src</Filter>
    </ClInclude>
    <ClInclude Include="..\Classes\Models\ItemData.h">
      <Filter>src</Filter>
    </ClInclude>
    <ClInclude Include="..\Classes\Models\LocalPlayerData.h">
      <Filter>src</Filter>
    </ClInclude>
    <ClInclude Include="..\Classes\Models\MapData.h">
      <Filter>src</Filter>
    </ClInclude>
    <ClInclude Include="..\Classes\Models\Sight.h">
      <Filter>src</Filter>
    </ClInclude>
    <ClInclude Include="..\Classes\Models\Stamina.h">
      <Filter>src</Filter>
    </ClInclude>
    <ClInclude Include="..\Classes\Models\StopWatch.h">
      <Filter>src</Filter>
    </ClInclude>
    <ClInclude Include="..\Classes\Models\TrophyData.h">
      <Filter>src</Filter>
    </ClInclude>
  </ItemGroup>
  <ItemGroup>
    <Image Include="res\game.ico" />
  </ItemGroup>
</Project>